
Microsoft Visual Studio Solution File, Format Version 12.00
# Visual Studio 2013
Project("{FAE04EC0-301F-11D3-BF4B-00C04F79EFBC}") = "UnityVS.Find_Number_Unity2D.CSharp", "UnityVS.Find_Number_Unity2D.CSharp.csproj", "{0505200C-E8DA-107D-2B02-18585733C70B}"
EndProject
Project("{FAE04EC0-301F-11D3-BF4B-00C04F79EFBC}") = "UnityVS.Find_Number_Unity2D.CSharp.Editor", "UnityVS.Find_Number_Unity2D.CSharp.Editor.csproj", "{C035C0C4-94D9-9BB9-6EE5-8F4B3C1C664C}"
EndProject
Global
	GlobalSection(SolutionConfigurationPlatforms) = preSolution
		Debug|Any CPU = Debug|Any CPU
		Release|Any CPU = Release|Any CPU
	EndGlobalSection
	GlobalSection(ProjectConfigurationPlatforms) = postSolution
		{0505200C-E8DA-107D-2B02-18585733C70B}.Debug|Any CPU.ActiveCfg = Debug|Any CPU
		{0505200C-E8DA-107D-2B02-18585733C70B}.Debug|Any CPU.Build.0 = Debug|Any CPU
		{0505200C-E8DA-107D-2B02-18585733C70B}.Release|Any CPU.ActiveCfg = Release|Any CPU
		{0505200C-E8DA-107D-2B02-18585733C70B}.Release|Any CPU.Build.0 = Release|Any CPU
		{C035C0C4-94D9-9BB9-6EE5-8F4B3C1C664C}.Debug|Any CPU.ActiveCfg = Debug|Any CPU
		{C035C0C4-94D9-9BB9-6EE5-8F4B3C1C664C}.Debug|Any CPU.Build.0 = Debug|Any CPU
		{C035C0C4-94D9-9BB9-6EE5-8F4B3C1C664C}.Release|Any CPU.ActiveCfg = Release|Any CPU
		{C035C0C4-94D9-9BB9-6EE5-8F4B3C1C664C}.Release|Any CPU.Build.0 = Release|Any CPU
	EndGlobalSection
	GlobalSection(SolutionProperties) = preSolution
		HideSolutionNode = FALSE
	EndGlobalSection
EndGlobal
